
Microsoft Visual Studio Solution File, Format Version 12.00
# Visual Studio Version 17
VisualStudioVersion = 17.9.34728.123
MinimumVisualStudioVersion = 10.0.40219.1
Project("{FAE04EC0-301F-11D3-BF4B-00C04F79EFBC}") = "PresentConnectionInt", "PresentConnectionInt\PresentConnectionInt.csproj", "{FD06B6AE-42C7-4C2F-B7AD-EFE67A3B4710}"
EndProject
Global
	GlobalSection(SolutionConfigurationPlatforms) = preSolution
		Debug|Any CPU = Debug|Any CPU
		Release|Any CPU = Release|Any CPU
	EndGlobalSection
	GlobalSection(ProjectConfigurationPlatforms) = postSolution
		{FD06B6AE-42C7-4C2F-B7AD-EFE67A3B4710}.Debug|Any CPU.ActiveCfg = Debug|Any CPU
		{FD06B6AE-42C7-4C2F-B7AD-EFE67A3B4710}.Debug|Any CPU.Build.0 = Debug|Any CPU
		{FD06B6AE-42C7-4C2F-B7AD-EFE67A3B4710}.Release|Any CPU.ActiveCfg = Release|Any CPU
		{FD06B6AE-42C7-4C2F-B7AD-EFE67A3B4710}.Release|Any CPU.Build.0 = Release|Any CPU
	EndGlobalSection
	GlobalSection(SolutionProperties) = preSolution
		HideSolutionNode = FALSE
	EndGlobalSection
	GlobalSection(ExtensibilityGlobals) = postSolution
		SolutionGuid = {2D446497-3969-436D-BE14-12E77722FB02}
	EndGlobalSection
EndGlobal
